Microsoft Visual Studio Solution File, Format Version 12.00
# Visual Studio Version 17
VisualStudioVersion = 17.0.31903.59
MinimumVisualStudioVersion = 10.0.40219.1
Project("{FAE04EC0-301F-11D3-BF4B-00C04F79EFBC}") = "ChatApp.Tests", "ChatApp.Tests\ChatApp.Tests.csproj", "{EEA09344-6BF2-4DE5-9D25-CAA8B76288CF}"
EndProject
Project("{FAE04EC0-301F-11D3-BF4B-00C04F79EFBC}") = "ChatApp.API", "ChatApp.API\ChatApp.API.csproj", "{D8EF1AA2-2410-4F59-8BF0-1186FBC95AA6}"
EndProject
Project("{FAE04EC0-301F-11D3-BF4B-00C04F79EFBC}") = "ChatApp.Infrastructure", "ChatApp.Infrastructure\ChatApp.Infrastructure.csproj", "{4FDCF1E7-87DE-41A1-927B-843763BE51D5}"
EndProject
Project("{FAE04EC0-301F-11D3-BF4B-00C04F79EFBC}") = "ChatApp.Application", "ChatApp.Application\ChatApp.Application.csproj", "{E99FEE52-5167-4093-939C-5119AED07E8C}"
EndProject
Project("{FAE04EC0-301F-11D3-BF4B-00C04F79EFBC}") = "ChatApp.Domain", "ChatApp.Domain\ChatApp.Domain.csproj", "{0CE963D5-8C5E-4C8F-826F-BA16EBECDD81}"
EndProject
Project("{FAE04EC0-301F-11D3-BF4B-00C04F79EFBC}") = "ChatApp.Worker", "ChatApp.Worker\ChatApp.Worker.csproj", "{B5A3F5B4-2E3C-4C94-A6F1-3F0D9D5A1B2C}"
EndProject
Global
	GlobalSection(SolutionConfigurationPlatforms) = preSolution
		Debug|Any CPU = Debug|Any CPU
		Debug|x64 = Debug|x64
		Debug|x86 = Debug|x86
		Release|Any CPU = Release|Any CPU
		Release|x64 = Release|x64
		Release|x86 = Release|x86
	EndGlobalSection
	GlobalSection(ProjectConfigurationPlatforms) = postSolution
		{EEA09344-6BF2-4DE5-9D25-CAA8B76288CF}.Debug|Any CPU.ActiveCfg = Debug|Any CPU
		{EEA09344-6BF2-4DE5-9D25-CAA8B76288CF}.Debug|Any CPU.Build.0 = Debug|Any CPU
		{EEA09344-6BF2-4DE5-9D25-CAA8B76288CF}.Debug|x64.ActiveCfg = Debug|Any CPU
		{EEA09344-6BF2-4DE5-9D25-CAA8B76288CF}.Debug|x64.Build.0 = Debug|Any CPU
		{EEA09344-6BF2-4DE5-9D25-CAA8B76288CF}.Debug|x86.ActiveCfg = Debug|Any CPU
		{EEA09344-6BF2-4DE5-9D25-CAA8B76288CF}.Debug|x86.Build.0 = Debug|Any CPU
		{EEA09344-6BF2-4DE5-9D25-CAA8B76288CF}.Release|Any CPU.ActiveCfg = Release|Any CPU
		{EEA09344-6BF2-4DE5-9D25-CAA8B76288CF}.Release|Any CPU.Build.0 = Release|Any CPU
		{EEA09344-6BF2-4DE5-9D25-CAA8B76288CF}.Release|x64.ActiveCfg = Release|Any CPU
		{EEA09344-6BF2-4DE5-9D25-CAA8B76288CF}.Release|x64.Build.0 = Release|Any CPU
		{EEA09344-6BF2-4DE5-9D25-CAA8B76288CF}.Release|x86.ActiveCfg = Release|Any CPU
		{EEA09344-6BF2-4DE5-9D25-CAA8B76288CF}.Release|x86.Build.0 = Release|Any CPU
		{D8EF1AA2-2410-4F59-8BF0-1186FBC95AA6}.Debug|Any CPU.ActiveCfg = Debug|Any CPU
		{D8EF1AA2-2410-4F59-8BF0-1186FBC95AA6}.Debug|Any CPU.Build.0 = Debug|Any CPU
		{D8EF1AA2-2410-4F59-8BF0-1186FBC95AA6}.Debug|x64.ActiveCfg = Debug|Any CPU
		{D8EF1AA2-2410-4F59-8BF0-1186FBC95AA6}.Debug|x64.Build.0 = Debug|Any CPU
		{D8EF1AA2-2410-4F59-8BF0-1186FBC95AA6}.Debug|x86.ActiveCfg = Debug|Any CPU
		{D8EF1AA2-2410-4F59-8BF0-1186FBC95AA6}.Debug|x86.Build.0 = Debug|Any CPU
		{D8EF1AA2-2410-4F59-8BF0-1186FBC95AA6}.Release|Any CPU.ActiveCfg = Release|Any CPU
		{D8EF1AA2-2410-4F59-8BF0-1186FBC95AA6}.Release|Any CPU.Build.0 = Release|Any CPU
		{D8EF1AA2-2410-4F59-8BF0-1186FBC95AA6}.Release|x64.ActiveCfg = Release|Any CPU
		{D8EF1AA2-2410-4F59-8BF0-1186FBC95AA6}.Release|x64.Build.0 = Release|Any CPU
		{D8EF1AA2-2410-4F59-8BF0-1186FBC95AA6}.Release|x86.ActiveCfg = Release|Any CPU
		{D8EF1AA2-2410-4F59-8BF0-1186FBC95AA6}.Release|x86.Build.0 = Release|Any CPU
		{4FDCF1E7-87DE-41A1-927B-843763BE51D5}.Debug|Any CPU.ActiveCfg = Debug|Any CPU
		{4FDCF1E7-87DE-41A1-927B-843763BE51D5}.Debug|Any CPU.Build.0 = Debug|Any CPU
		{4FDCF1E7-87DE-41A1-927B-843763BE51D5}.Debug|x64.ActiveCfg = Debug|Any CPU
		{4FDCF1E7-87DE-41A1-927B-843763BE51D5}.Debug|x64.Build.0 = Debug|Any CPU
		{4FDCF1E7-87DE-41A1-927B-843763BE51D5}.Debug|x86.ActiveCfg = Debug|Any CPU
		{4FDCF1E7-87DE-41A1-927B-843763BE51D5}.Debug|x86.Build.0 = Debug|Any CPU
		{4FDCF1E7-87DE-41A1-927B-843763BE51D5}.Release|Any CPU.ActiveCfg = Release|Any CPU
		{4FDCF1E7-87DE-41A1-927B-843763BE51D5}.Release|Any CPU.Build.0 = Release|Any CPU
		{4FDCF1E7-87DE-41A1-927B-843763BE51D5}.Release|x64.ActiveCfg = Release|Any CPU
		{4FDCF1E7-87DE-41A1-927B-843763BE51D5}.Release|x64.Build.0 = Release|Any CPU
		{4FDCF1E7-87DE-41A1-927B-843763BE51D5}.Release|x86.ActiveCfg = Release|Any CPU
		{4FDCF1E7-87DE-41A1-927B-843763BE51D5}.Release|x86.Build.0 = Release|Any CPU
		{E99FEE52-5167-4093-939C-5119AED07E8C}.Debug|Any CPU.ActiveCfg = Debug|Any CPU
		{E99FEE52-5167-4093-939C-5119AED07E8C}.Debug|Any CPU.Build.0 = Debug|Any CPU
		{E99FEE52-5167-4093-939C-5119AED07E8C}.Debug|x64.ActiveCfg = Debug|Any CPU
		{E99FEE52-5167-4093-939C-5119AED07E8C}.Debug|x64.Build.0 = Debug|Any CPU
		{E99FEE52-5167-4093-939C-5119AED07E8C}.Debug|x86.ActiveCfg = Debug|Any CPU
		{E99FEE52-5167-4093-939C-5119AED07E8C}.Debug|x86.Build.0 = Debug|Any CPU
		{E99FEE52-5167-4093-939C-5119AED07E8C}.Release|Any CPU.ActiveCfg = Release|Any CPU
		{E99FEE52-5167-4093-939C-5119AED07E8C}.Release|Any CPU.Build.0 = Release|Any CPU
		{E99FEE52-5167-4093-939C-5119AED07E8C}.Release|x64.ActiveCfg = Release|Any CPU
		{E99FEE52-5167-4093-939C-5119AED07E8C}.Release|x64.Build.0 = Release|Any CPU
		{E99FEE52-5167-4093-939C-5119AED07E8C}.Release|x86.ActiveCfg = Release|Any CPU
		{E99FEE52-5167-4093-939C-5119AED07E8C}.Release|x86.Build.0 = Release|Any CPU
		{0CE963D5-8C5E-4C8F-826F-BA16EBECDD81}.Debug|Any CPU.ActiveCfg = Debug|Any CPU
		{0CE963D5-8C5E-4C8F-826F-BA16EBECDD81}.Debug|Any CPU.Build.0 = Debug|Any CPU
		{0CE963D5-8C5E-4C8F-826F-BA16EBECDD81}.Debug|x64.ActiveCfg = Debug|Any CPU
		{0CE963D5-8C5E-4C8F-826F-BA16EBECDD81}.Debug|x64.Build.0 = Debug|Any CPU
		{0CE963D5-8C5E-4C8F-826F-BA16EBD81}.Debug|x86.ActiveCfg = Debug|Any CPU
		{0CE963D5-8C5E-4C8F-826F-BA16EBECDD81}.Debug|x86.Build.0 = Debug|Any CPU
		{0CE963D5-8C5E-4C8F-826F-BA16EBECDD81}.Release|Any CPU.ActiveCfg = Release|Any CPU
		{0CE963D5-8C5E-4C8F-826F-BA16EBD81}.Release|Any CPU.Build.0 = Release|Any CPU
		{0CE963D5-8C5E-4C8F-826F-BA16EBECDD81}.Release|x64.ActiveCfg = Release|Any CPU
		{0CE963D5-8C5E-4C8F-826F-BA16EBECDD81}.Release|x64.Build.0 = Release|Any CPU
		{0CE963D5-8C5E-4C8F-826F-BA16EBECDD81}.Release|x86.ActiveCfg = Release|Any CPU
		{0CE963D5-8C5E-4C8F-826F-BA16EBD81}.Release|x86.Build.0 = Release|Any CPU
		{B5A3F5B4-2E3C-4C94-A6F1-3F0D9D5A1B2C}.Debug|Any CPU.ActiveCfg = Debug|Any CPU
		{B5A3F5B4-2E3C-4C94-A6F1-3F0D9D5A1B2C}.Debug|Any CPU.Build.0 = Debug|Any CPU
		{B5A3F5B4-2E3C-4C94-A6F1-3F0D9D5A1B2C}.Release|Any CPU.ActiveCfg = Release|Any CPU
		{B5A3F5B4-2E3C-4C94-A6F1-3F0D9D5A1B2C}.Release|Any CPU.Build.0 = Release|Any CPU
	EndGlobalSection
	GlobalSection(SolutionProperties) = preSolution
		HideSolutionNode = FALSE
	EndGlobalSection
EndGlobal
